
Microsoft Visual Studio Solution File, Format Version 12.00
# Visual Studio Version 17
VisualStudioVersion = 17.6.33815.320
MinimumVisualStudioVersion = 10.0.40219.1
Project("{FAE04EC0-301F-11D3-BF4B-00C04F79EFBC}") = "SkillShare", "SkillShare\SkillShare.csproj", "{A2B46569-765C-4130-ABA5-18D4D56EBBBA}"
EndProject
Project("{FAE04EC0-301F-11D3-BF4B-00C04F79EFBC}") = "BLL", "BLL\BLL.csproj", "{F87D3B19-90E5-43B4-B063-DE3551597857}"
EndProject
Project("{FAE04EC0-301F-11D3-BF4B-00C04F79EFBC}") = "DAL", "DAL\DAL.csproj", "{F88EB109-B9F5-4D7F-8EB8-1D853169C246}"
EndProject
Global
	GlobalSection(SolutionConfigurationPlatforms) = preSolution
		Debug|Any CPU = Debug|Any CPU
		Release|Any CPU = Release|Any CPU
	EndGlobalSection
	GlobalSection(ProjectConfigurationPlatforms) = postSolution
		{A2B46569-765C-4130-ABA5-18D4D56EBBBA}.Debug|Any CPU.ActiveCfg = Debug|Any CPU
		{A2B46569-765C-4130-ABA5-18D4D56EBBBA}.Debug|Any CPU.Build.0 = Debug|Any CPU
		{A2B46569-765C-4130-ABA5-18D4D56EBBBA}.Release|Any CPU.ActiveCfg = Release|Any CPU
		{A2B46569-765C-4130-ABA5-18D4D56EBBBA}.Release|Any CPU.Build.0 = Release|Any CPU
		{F87D3B19-90E5-43B4-B063-DE3551597857}.Debug|Any CPU.ActiveCfg = Debug|Any CPU
		{F87D3B19-90E5-43B4-B063-DE3551597857}.Debug|Any CPU.Build.0 = Debug|Any CPU
		{F87D3B19-90E5-43B4-B063-DE3551597857}.Release|Any CPU.ActiveCfg = Release|Any CPU
		{F87D3B19-90E5-43B4-B063-DE3551597857}.Release|Any CPU.Build.0 = Release|Any CPU
		{F88EB109-B9F5-4D7F-8EB8-1D853169C246}.Debug|Any CPU.ActiveCfg = Debug|Any CPU
		{F88EB109-B9F5-4D7F-8EB8-1D853169C246}.Debug|Any CPU.Build.0 = Debug|Any CPU
		{F88EB109-B9F5-4D7F-8EB8-1D853169C246}.Release|Any CPU.ActiveCfg = Release|Any CPU
		{F88EB109-B9F5-4D7F-8EB8-1D853169C246}.Release|Any CPU.Build.0 = Release|Any CPU
	EndGlobalSection
	GlobalSection(SolutionProperties) = preSolution
		HideSolutionNode = FALSE
	EndGlobalSection
	GlobalSection(ExtensibilityGlobals) = postSolution
		SolutionGuid = {EFA12E59-DA57-42DE-B749-E195E80597D0}
	EndGlobalSection
EndGlobal
